
Microsoft Visual Studio Solution File, Format Version 12.00
# Visual Studio Version 17
VisualStudioVersion = 17.8.34309.116
MinimumVisualStudioVersion = 10.0.40219.1
Project("{9A19103F-16F7-4668-BE54-9A1E7A4F7556}") = "HybridCryptLib", "HybridCryptLib\HybridCryptLib.csproj", "{933C06D4-34F4-447B-8B3F-8D7E9D295EED}"
EndProject
Project("{9A19103F-16F7-4668-BE54-9A1E7A4F7556}") = "HybridCryptLib.Tests", "HybridCryptLib.Tests\HybridCryptLib.Tests.csproj", "{57A418D8-FCBA-4871-BBEC-5EA32D4D2659}"
EndProject
Global
	GlobalSection(SolutionConfigurationPlatforms) = preSolution
		Debug|Any CPU = Debug|Any CPU
		Release|Any CPU = Release|Any CPU
	EndGlobalSection
	GlobalSection(ProjectConfigurationPlatforms) = postSolution
		{933C06D4-34F4-447B-8B3F-8D7E9D295EED}.Debug|Any CPU.ActiveCfg = Debug|Any CPU
		{933C06D4-34F4-447B-8B3F-8D7E9D295EED}.Debug|Any CPU.Build.0 = Debug|Any CPU
		{933C06D4-34F4-447B-8B3F-8D7E9D295EED}.Release|Any CPU.ActiveCfg = Release|Any CPU
		{933C06D4-34F4-447B-8B3F-8D7E9D295EED}.Release|Any CPU.Build.0 = Release|Any CPU
		{57A418D8-FCBA-4871-BBEC-5EA32D4D2659}.Debug|Any CPU.ActiveCfg = Debug|Any CPU
		{57A418D8-FCBA-4871-BBEC-5EA32D4D2659}.Debug|Any CPU.Build.0 = Debug|Any CPU
		{57A418D8-FCBA-4871-BBEC-5EA32D4D2659}.Release|Any CPU.ActiveCfg = Release|Any CPU
		{57A418D8-FCBA-4871-BBEC-5EA32D4D2659}.Release|Any CPU.Build.0 = Release|Any CPU
	EndGlobalSection
	GlobalSection(SolutionProperties) = preSolution
		HideSolutionNode = FALSE
	EndGlobalSection
	GlobalSection(ExtensibilityGlobals) = postSolution
		SolutionGuid = {0E7BA90A-5972-48F0-99C7-E774D792EFCE}
	EndGlobalSection
EndGlobal
